
Microsoft Visual Studio Solution File, Format Version 12.00
# Visual Studio 15
VisualStudioVersion = 15.0.28010.2016
MinimumVisualStudioVersion = 10.0.40219.1
Project("{FAE04EC0-301F-11D3-BF4B-00C04F79EFBC}") = "Gnomes", "Gnomes\Gnomes.csproj", "{57BC4545-4058-4BDD-94D3-71BC68AE1B4D}"
EndProject
Global
	GlobalSection(SolutionConfigurationPlatforms) = preSolution
		Debug|Any CPU = Debug|Any CPU
		Release|Any CPU = Release|Any CPU
	EndGlobalSection
	GlobalSection(ProjectConfigurationPlatforms) = postSolution
		{57BC4545-4058-4BDD-94D3-71BC68AE1B4D}.Debug|Any CPU.ActiveCfg = Debug|Any CPU
		{57BC4545-4058-4BDD-94D3-71BC68AE1B4D}.Debug|Any CPU.Build.0 = Debug|Any CPU
		{57BC4545-4058-4BDD-94D3-71BC68AE1B4D}.Release|Any CPU.ActiveCfg = Release|Any CPU
		{57BC4545-4058-4BDD-94D3-71BC68AE1B4D}.Release|Any CPU.Build.0 = Release|Any CPU
	EndGlobalSection
	GlobalSection(SolutionProperties) = preSolution
		HideSolutionNode = FALSE
	EndGlobalSection
	GlobalSection(ExtensibilityGlobals) = postSolution
		SolutionGuid = {BD4B623C-4581-4C10-BAD8-7434D2D70EC2}
	EndGlobalSection
EndGlobal
